
Microsoft Visual Studio Solution File, Format Version 12.00
Project("{FAE04EC0-301F-11D3-BF4B-00C04F79EFBC}") = "GraphQLSample", "GraphQLSample\GraphQLSample.csproj", "{23ACCD39-D9F4-4753-8343-B88C48866620}"
EndProject
Project("{FAE04EC0-301F-11D3-BF4B-00C04F79EFBC}") = "DataLayer", "DataLayer\DataLayer.csproj", "{7694540B-0095-4DF5-BF68-526255075FC0}"
EndProject
Global
	GlobalSection(SolutionConfigurationPlatforms) = preSolution
		Debug|Any CPU = Debug|Any CPU
		Release|Any CPU = Release|Any CPU
	EndGlobalSection
	GlobalSection(ProjectConfigurationPlatforms) = postSolution
		{23ACCD39-D9F4-4753-8343-B88C48866620}.Debug|Any CPU.ActiveCfg = Debug|Any CPU
		{23ACCD39-D9F4-4753-8343-B88C48866620}.Debug|Any CPU.Build.0 = Debug|Any CPU
		{23ACCD39-D9F4-4753-8343-B88C48866620}.Release|Any CPU.ActiveCfg = Release|Any CPU
		{23ACCD39-D9F4-4753-8343-B88C48866620}.Release|Any CPU.Build.0 = Release|Any CPU
		{7694540B-0095-4DF5-BF68-526255075FC0}.Debug|Any CPU.ActiveCfg = Debug|Any CPU
		{7694540B-0095-4DF5-BF68-526255075FC0}.Debug|Any CPU.Build.0 = Debug|Any CPU
		{7694540B-0095-4DF5-BF68-526255075FC0}.Release|Any CPU.ActiveCfg = Release|Any CPU
		{7694540B-0095-4DF5-BF68-526255075FC0}.Release|Any CPU.Build.0 = Release|Any CPU
	EndGlobalSection
EndGlobal
